
Microsoft Visual Studio Solution File, Format Version 12.00
# Visual Studio 15
VisualStudioVersion = 15.0.28307.1927
MinimumVisualStudioVersion = 10.0.40219.1
Project("{8BC9CEB8-8B4A-11D0-8D11-00A0C91BC942}") = "五子棋", "五子棋\五子棋.vcxproj", "{DF20D7BB-6051-411A-9C94-A61094FC902C}"
EndProject
Global
	GlobalSection(SolutionConfigurationPlatforms) = preSolution
		Debug|x64 = Debug|x64
		Debug|x86 = Debug|x86
		Release|x64 = Release|x64
		Release|x86 = Release|x86
	EndGlobalSection
	GlobalSection(ProjectConfigurationPlatforms) = postSolution
		{DF20D7BB-6051-411A-9C94-A61094FC902C}.Debug|x64.ActiveCfg = Debug|x64
		{DF20D7BB-6051-411A-9C94-A61094FC902C}.Debug|x64.Build.0 = Debug|x64
		{DF20D7BB-6051-411A-9C94-A61094FC902C}.Debug|x86.ActiveCfg = Debug|Win32
		{DF20D7BB-6051-411A-9C94-A61094FC902C}.Debug|x86.Build.0 = Debug|Win32
		{DF20D7BB-6051-411A-9C94-A61094FC902C}.Release|x64.ActiveCfg = Release|x64
		{DF20D7BB-6051-411A-9C94-A61094FC902C}.Release|x64.Build.0 = Release|x64
		{DF20D7BB-6051-411A-9C94-A61094FC902C}.Release|x86.ActiveCfg = Release|Win32
		{DF20D7BB-6051-411A-9C94-A61094FC902C}.Release|x86.Build.0 = Release|Win32
	EndGlobalSection
	GlobalSection(SolutionProperties) = preSolution
		HideSolutionNode = FALSE
	EndGlobalSection
	GlobalSection(ExtensibilityGlobals) = postSolution
		SolutionGuid = {8B89CDCE-BB64-4032-82DA-96217D1135B7}
	EndGlobalSection
EndGlobal
